
Microsoft Visual Studio Solution File, Format Version 12.00
# Visual Studio Version 17
VisualStudioVersion = 17.8.34330.188
MinimumVisualStudioVersion = 10.0.40219.1
Project("{FAE04EC0-301F-11D3-BF4B-00C04F79EFBC}") = "MiniGameParty", "MiniGameParty.csproj", "{FCC0CABF-8836-49E5-89C8-6F81242267E7}"
EndProject
Global
	GlobalSection(SolutionConfigurationPlatforms) = preSolution
		Debug|Any CPU = Debug|Any CPU
		Release|Any CPU = Release|Any CPU
	EndGlobalSection
	GlobalSection(ProjectConfigurationPlatforms) = postSolution
		{FCC0CABF-8836-49E5-89C8-6F81242267E7}.Debug|Any CPU.ActiveCfg = Debug|Any CPU
		{FCC0CABF-8836-49E5-89C8-6F81242267E7}.Debug|Any CPU.Build.0 = Debug|Any CPU
		{FCC0CABF-8836-49E5-89C8-6F81242267E7}.Release|Any CPU.ActiveCfg = Release|Any CPU
		{FCC0CABF-8836-49E5-89C8-6F81242267E7}.Release|Any CPU.Build.0 = Release|Any CPU
	EndGlobalSection
	GlobalSection(SolutionProperties) = preSolution
		HideSolutionNode = FALSE
	EndGlobalSection
	GlobalSection(ExtensibilityGlobals) = postSolution
		SolutionGuid = {4AD790B6-D6CD-4CD1-9186-FB93866D78F5}
	EndGlobalSection
EndGlobal
